
Microsoft Visual Studio Solution File, Format Version 12.00
# Visual Studio Version 17
VisualStudioVersion = 17.0.32014.148
MinimumVisualStudioVersion = 10.0.40219.1
Project("{2150E333-8FDC-42A3-9474-1A3956D46DE8}") = "01 Shared", "01 Shared", "{94563CC3-E830-4FDA-B77D-F700BC13A9FF}"
EndProject
Project("{2150E333-8FDC-42A3-9474-1A3956D46DE8}") = "02 Data", "02 Data", "{7189820C-1A5C-4625-B3BD-A317FA3706C0}"
EndProject
Project("{2150E333-8FDC-42A3-9474-1A3956D46DE8}") = "04 Business", "04 Business", "{9C7A964F-000B-4035-9563-F50781CAAB21}"
EndProject
Project("{2150E333-8FDC-42A3-9474-1A3956D46DE8}") = "05 Repository", "05 Repository", "{CCF9B432-4CBF-4926-9E95-A061359FFC50}"
EndProject
Project("{2150E333-8FDC-42A3-9474-1A3956D46DE8}") = "06 Database", "06 Database", "{19DD556F-86EB-4B3E-835D-B65A4C2AA580}"
EndProject
Project("{9A19103F-16F7-4668-BE54-9A1E7A4F7556}") = "NGO.Common", "NGO.Common\NGO.Common.csproj", "{B18BC232-0FA4-4FDA-9E05-BC31F0EC037C}"
EndProject
Project("{9A19103F-16F7-4668-BE54-9A1E7A4F7556}") = "NGO.Data", "NGO.Data\NGO.Data.csproj", "{81E05C67-29EA-4EB1-902C-776AEB8CDA17}"
EndProject
Project("{9A19103F-16F7-4668-BE54-9A1E7A4F7556}") = "NGO.Business", "NGO.Business\NGO.Business.csproj", "{DEBBB29C-B707-4BDF-8A3F-63FE28FA657B}"
EndProject
Project("{9A19103F-16F7-4668-BE54-9A1E7A4F7556}") = "NGO.Repository", "NGO.Repository\NGO.Repository.csproj", "{B22CE648-2454-47D6-AAA9-A3F4AA04EEE6}"
EndProject
Project("{00D1A9C2-B5F0-4AF3-8072-F6C62B433612}") = "NGO.Database", "NGO.Database\NGO.Database.sqlproj", "{D4EE9F96-105C-4A81-827A-6AC2AEDCED3E}"
EndProject
Project("{9A19103F-16F7-4668-BE54-9A1E7A4F7556}") = "NGO.Model", "NGO.Model\NGO.Model.csproj", "{AD647003-3CBE-4960-A507-5CE3C685B6D5}"
EndProject
Project("{2150E333-8FDC-42A3-9474-1A3956D46DE8}") = "03 Web", "03 Web", "{C834BB9D-BC54-4DED-A187-9D8AD5A5FA3F}"
EndProject
Project("{9A19103F-16F7-4668-BE54-9A1E7A4F7556}") = "NGO.Web", "NGO.Web\NGO.Web.csproj", "{B4111632-B918-4EC9-9604-8C2435CDD529}"
EndProject
Global
	GlobalSection(SolutionConfigurationPlatforms) = preSolution
		Debug|Any CPU = Debug|Any CPU
		Release|Any CPU = Release|Any CPU
	EndGlobalSection
	GlobalSection(ProjectConfigurationPlatforms) = postSolution
		{B18BC232-0FA4-4FDA-9E05-BC31F0EC037C}.Debug|Any CPU.ActiveCfg = Debug|Any CPU
		{B18BC232-0FA4-4FDA-9E05-BC31F0EC037C}.Debug|Any CPU.Build.0 = Debug|Any CPU
		{B18BC232-0FA4-4FDA-9E05-BC31F0EC037C}.Release|Any CPU.ActiveCfg = Release|Any CPU
		{B18BC232-0FA4-4FDA-9E05-BC31F0EC037C}.Release|Any CPU.Build.0 = Release|Any CPU
		{81E05C67-29EA-4EB1-902C-776AEB8CDA17}.Debug|Any CPU.ActiveCfg = Debug|Any CPU
		{81E05C67-29EA-4EB1-902C-776AEB8CDA17}.Debug|Any CPU.Build.0 = Debug|Any CPU
		{81E05C67-29EA-4EB1-902C-776AEB8CDA17}.Release|Any CPU.ActiveCfg = Release|Any CPU
		{81E05C67-29EA-4EB1-902C-776AEB8CDA17}.Release|Any CPU.Build.0 = Release|Any CPU
		{DEBBB29C-B707-4BDF-8A3F-63FE28FA657B}.Debug|Any CPU.ActiveCfg = Debug|Any CPU
		{DEBBB29C-B707-4BDF-8A3F-63FE28FA657B}.Debug|Any CPU.Build.0 = Debug|Any CPU
		{DEBBB29C-B707-4BDF-8A3F-63FE28FA657B}.Release|Any CPU.ActiveCfg = Release|Any CPU
		{DEBBB29C-B707-4BDF-8A3F-63FE28FA657B}.Release|Any CPU.Build.0 = Release|Any CPU
		{B22CE648-2454-47D6-AAA9-A3F4AA04EEE6}.Debug|Any CPU.ActiveCfg = Debug|Any CPU
		{B22CE648-2454-47D6-AAA9-A3F4AA04EEE6}.Debug|Any CPU.Build.0 = Debug|Any CPU
		{B22CE648-2454-47D6-AAA9-A3F4AA04EEE6}.Release|Any CPU.ActiveCfg = Release|Any CPU
		{B22CE648-2454-47D6-AAA9-A3F4AA04EEE6}.Release|Any CPU.Build.0 = Release|Any CPU
		{D4EE9F96-105C-4A81-827A-6AC2AEDCED3E}.Debug|Any CPU.ActiveCfg = Debug|Any CPU
		{D4EE9F96-105C-4A81-827A-6AC2AEDCED3E}.Debug|Any CPU.Build.0 = Debug|Any CPU
		{D4EE9F96-105C-4A81-827A-6AC2AEDCED3E}.Debug|Any CPU.Deploy.0 = Debug|Any CPU
		{D4EE9F96-105C-4A81-827A-6AC2AEDCED3E}.Release|Any CPU.ActiveCfg = Release|Any CPU
		{D4EE9F96-105C-4A81-827A-6AC2AEDCED3E}.Release|Any CPU.Build.0 = Release|Any CPU
		{D4EE9F96-105C-4A81-827A-6AC2AEDCED3E}.Release|Any CPU.Deploy.0 = Release|Any CPU
		{AD647003-3CBE-4960-A507-5CE3C685B6D5}.Debug|Any CPU.ActiveCfg = Debug|Any CPU
		{AD647003-3CBE-4960-A507-5CE3C685B6D5}.Debug|Any CPU.Build.0 = Debug|Any CPU
		{AD647003-3CBE-4960-A507-5CE3C685B6D5}.Release|Any CPU.ActiveCfg = Release|Any CPU
		{AD647003-3CBE-4960-A507-5CE3C685B6D5}.Release|Any CPU.Build.0 = Release|Any CPU
		{B4111632-B918-4EC9-9604-8C2435CDD529}.Debug|Any CPU.ActiveCfg = Debug|Any CPU
		{B4111632-B918-4EC9-9604-8C2435CDD529}.Debug|Any CPU.Build.0 = Debug|Any CPU
		{B4111632-B918-4EC9-9604-8C2435CDD529}.Release|Any CPU.ActiveCfg = Release|Any CPU
		{B4111632-B918-4EC9-9604-8C2435CDD529}.Release|Any CPU.Build.0 = Release|Any CPU
	EndGlobalSection
	GlobalSection(SolutionProperties) = preSolution
		HideSolutionNode = FALSE
	EndGlobalSection
	GlobalSection(NestedProjects) = preSolution
		{B18BC232-0FA4-4FDA-9E05-BC31F0EC037C} = {94563CC3-E830-4FDA-B77D-F700BC13A9FF}
		{81E05C67-29EA-4EB1-902C-776AEB8CDA17} = {7189820C-1A5C-4625-B3BD-A317FA3706C0}
		{DEBBB29C-B707-4BDF-8A3F-63FE28FA657B} = {9C7A964F-000B-4035-9563-F50781CAAB21}
		{B22CE648-2454-47D6-AAA9-A3F4AA04EEE6} = {CCF9B432-4CBF-4926-9E95-A061359FFC50}
		{D4EE9F96-105C-4A81-827A-6AC2AEDCED3E} = {19DD556F-86EB-4B3E-835D-B65A4C2AA580}
		{AD647003-3CBE-4960-A507-5CE3C685B6D5} = {7189820C-1A5C-4625-B3BD-A317FA3706C0}
		{B4111632-B918-4EC9-9604-8C2435CDD529} = {C834BB9D-BC54-4DED-A187-9D8AD5A5FA3F}
	EndGlobalSection
	GlobalSection(ExtensibilityGlobals) = postSolution
		SolutionGuid = {B65D0627-274B-43B2-992E-5DE83B566858}
	EndGlobalSection
EndGlobal
